// !$*UTF8*$!
{
	archiveVersion = 1;
	classes = {
	};
	objectVersion = 50;
	objects = {

/* Begin PBXBuildFile section */
		A1E62C6320D4E34600E9B0DF /* AppDelegate.m in Sources */ = {isa = PBXBuildFile; fileRef = A1E62C6220D4E34600E9B0DF /* AppDelegate.m */; };
		A1E62C6620D4E34600E9B0DF /* ViewController.m in Sources */ = {isa = PBXBuildFile; fileRef = A1E62C6520D4E34600E9B0DF /* ViewController.m */; };
		A1E62C6920D4E34600E9B0DF /* Main.storyboard in Resources */ = {isa = PBXBuildFile; fileRef = A1E62C6720D4E34600E9B0DF /* Main.storyboard */; };
		A1E62C6B20D4E34A00E9B0DF /* Assets.xcassets in Resources */ = {isa = PBXBuildFile; fileRef = A1E62C6A20D4E34A00E9B0DF /* Assets.xcassets */; };
		A1E62C6E20D4E34A00E9B0DF /* LaunchScreen.storyboard in Resources */ = {isa = PBXBuildFile; fileRef = A1E62C6C20D4E34A00E9B0DF /* LaunchScreen.storyboard */; };
		A1E62C7120D4E34A00E9B0DF /* main.m in Sources */ = {isa = PBXBuildFile; fileRef = A1E62C7020D4E34A00E9B0DF /* main.m */; };
		A1E62C7A20D4FADF00E9B0DF /* PKHttpManager.m in Sources */ = {isa = PBXBuildFile; fileRef = A1E62C7920D4FADF00E9B0DF /* PKHttpManager.m */; };
		A1E62C8020D513C600E9B0DF /* PKFact.m in Sources */ = {isa = PBXBuildFile; fileRef = A1E62C7F20D513C600E9B0DF /* PKFact.m */; };
		A1E62C8420D5377100E9B0DF /* PKFactsCell.m in Sources */ = {isa = PBXBuildFile; fileRef = A1E62C8320D5377100E9B0DF /* PKFactsCell.m */; };
/* End PBXBuildFile section */

/* Begin PBXFileReference section */
		A1E62C5E20D4E34600E9B0DF /* iOSPoc.app */ = {isa = PBXFileReference; explicitFileType = wrapper.application; includeInIndex = 0; path = iOSPoc.app; sourceTree = BUILT_PRODUCTS_DIR; };
		A1E62C6120D4E34600E9B0DF /* AppDelegate.h */ = {isa = PBXFileReference; lastKnownFileType = sourcecode.c.h; path = AppDelegate.h; sourceTree = "<group>"; };
		A1E62C6220D4E34600E9B0DF /* AppDelegate.m */ = {isa = PBXFileReference; lastKnownFileType = sourcecode.c.objc; path = AppDelegate.m; sourceTree = "<group>"; };
		A1E62C6420D4E34600E9B0DF /* ViewController.h */ = {isa = PBXFileReference; lastKnownFileType = sourcecode.c.h; path = ViewController.h; sourceTree = "<group>"; };
		A1E62C6520D4E34600E9B0DF /* ViewController.m */ = {isa = PBXFileReference; lastKnownFileType = sourcecode.c.objc; path = ViewController.m; sourceTree = "<group>"; };
		A1E62C6820D4E34600E9B0DF /* Base */ = {isa = PBXFileReference; lastKnownFileType = file.storyboard; name = Base; path = Base.lproj/Main.storyboard; sourceTree = "<group>"; };
		A1E62C6A20D4E34A00E9B0DF /* Assets.xcassets */ = {isa = PBXFileReference; lastKnownFileType = folder.assetcatalog; path = Assets.xcassets; sourceTree = "<group>"; };
		A1E62C6D20D4E34A00E9B0DF /* Base */ = {isa = PBXFileReference; lastKnownFileType = file.storyboard; name = Base; path = Base.lproj/LaunchScreen.storyboard; sourceTree = "<group>"; };
		A1E62C6F20D4E34A00E9B0DF /* Info.plist */ = {isa = PBXFileReference; lastKnownFileType = text.plist.xml; path = Info.plist; sourceTree = "<group>"; };
		A1E62C7020D4E34A00E9B0DF /* main.m */ = {isa = PBXFileReference; lastKnownFileType = sourcecode.c.objc; path = main.m; sourceTree = "<group>"; };
		A1E62C7820D4FADF00E9B0DF /* PKHttpManager.h */ = {isa = PBXFileReference; lastKnownFileType = sourcecode.c.h; path = PKHttpManager.h; sourceTree = "<group>"; };
		A1E62C7920D4FADF00E9B0DF /* PKHttpManager.m */ = {isa = PBXFileReference; lastKnownFileType = sourcecode.c.objc; path = PKHttpManager.m; sourceTree = "<group>"; };
		A1E62C7B20D5053500E9B0DF /* Constants.h */ = {isa = PBXFileReference; lastKnownFileType = sourcecode.c.h; path = Constants.h; sourceTree = "<group>"; };
		A1E62C7E20D513C600E9B0DF /* PKFact.h */ = {isa = PBXFileReference; lastKnownFileType = sourcecode.c.h; path = PKFact.h; sourceTree = "<group>"; };
		A1E62C7F20D513C600E9B0DF /* PKFact.m */ = {isa = PBXFileReference; lastKnownFileType = sourcecode.c.objc; path = PKFact.m; sourceTree = "<group>"; };
		A1E62C8220D5377100E9B0DF /* PKFactsCell.h */ = {isa = PBXFileReference; lastKnownFileType = sourcecode.c.h; path = PKFactsCell.h; sourceTree = "<group>"; };
		A1E62C8320D5377100E9B0DF /* PKFactsCell.m */ = {isa = PBXFileReference; lastKnownFileType = sourcecode.c.objc; path = PKFactsCell.m; sourceTree = "<group>"; };
/* End PBXFileReference section */

/* Begin PBXFrameworksBuildPhase section */
		A1E62C5B20D4E34600E9B0DF /* Frameworks */ = {
			isa = PBXFrameworksBuildPhase;
			buildActionMask = 2147483647;
			files = (
			);
			runOnlyForDeploymentPostprocessing = 0;
		};
/* End PBXFrameworksBuildPhase section */

/* Begin PBXGroup section */
		A1E62C5520D4E34600E9B0DF = {
			isa = PBXGroup;
			children = (
				A1E62C6020D4E34600E9B0DF /* iOSPoc */,
				A1E62C5F20D4E34600E9B0DF /* Products */,
			);
			sourceTree = "<group>";
		};
		A1E62C5F20D4E34600E9B0DF /* Products */ = {
			isa = PBXGroup;
			children = (
				A1E62C5E20D4E34600E9B0DF /* iOSPoc.app */,
			);
			name = Products;
			sourceTree = "<group>";
		};
		A1E62C6020D4E34600E9B0DF /* iOSPoc */ = {
			isa = PBXGroup;
			children = (
				A1E62C8120D5374C00E9B0DF /* Cell */,
				A1E62C7720D4FA1100E9B0DF /* Model */,
				A1E62C6120D4E34600E9B0DF /* AppDelegate.h */,
				A1E62C6220D4E34600E9B0DF /* AppDelegate.m */,
				A1E62C6420D4E34600E9B0DF /* ViewController.h */,
				A1E62C6520D4E34600E9B0DF /* ViewController.m */,
				A1E62C6720D4E34600E9B0DF /* Main.storyboard */,
				A1E62C6A20D4E34A00E9B0DF /* Assets.xcassets */,
				A1E62C6C20D4E34A00E9B0DF /* LaunchScreen.storyboard */,
				A1E62C6F20D4E34A00E9B0DF /* Info.plist */,
				A1E62C7020D4E34A00E9B0DF /* main.m */,
				A1E62C7B20D5053500E9B0DF /* Constants.h */,
			);
			path = iOSPoc;
			sourceTree = "<group>";
		};
		A1E62C7720D4FA1100E9B0DF /* Model */ = {
			isa = PBXGroup;
			children = (
				A1E62C7D20D5138700E9B0DF /* Pojo */,
				A1E62C7C20D5137200E9B0DF /* APIHelper */,
			);
			path = Model;
			sourceTree = "<group>";
		};
		A1E62C7C20D5137200E9B0DF /* APIHelper */ = {
			isa = PBXGroup;
			children = (
				A1E62C7820D4FADF00E9B0DF /* PKHttpManager.h */,
				A1E62C7920D4FADF00E9B0DF /* PKHttpManager.m */,
			);
			path = APIHelper;
			sourceTree = "<group>";
		};
		A1E62C7D20D5138700E9B0DF /* Pojo */ = {
			isa = PBXGroup;
			children = (
				A1E62C7E20D513C600E9B0DF /* PKFact.h */,
				A1E62C7F20D513C600E9B0DF /* PKFact.m */,
			);
			path = Pojo;
			sourceTree = "<group>";
		};
		A1E62C8120D5374C00E9B0DF /* Cell */ = {
			isa = PBXGroup;
			children = (
				A1E62C8220D5377100E9B0DF /* PKFactsCell.h */,
				A1E62C8320D5377100E9B0DF /* PKFactsCell.m */,
			);
			path = Cell;
			sourceTree = "<group>";
		};
/* End PBXGroup section */

/* Begin PBXNativeTarget section */
		A1E62C5D20D4E34600E9B0DF /* iOSPoc */ = {
			isa = PBXNativeTarget;
			buildConfigurationList = A1E62C7420D4E34A00E9B0DF /* Build configuration list for PBXNativeTarget "iOSPoc" */;
			buildPhases = (
				A1E62C5A20D4E34600E9B0DF /* Sources */,
				A1E62C5B20D4E34600E9B0DF /* Frameworks */,
				A1E62C5C20D4E34600E9B0DF /* Resources */,
			);
			buildRules = (
			);
			dependencies = (
			);
			name = iOSPoc;
			productName = iOSPoc;
			productReference = A1E62C5E20D4E34600E9B0DF /* iOSPoc.app */;
			productType = "com.apple.product-type.application";
		};
/* End PBXNativeTarget section */

/* Begin PBXProject section */
		A1E62C5620D4E34600E9B0DF /* Project object */ = {
			isa = PBXProject;
			attributes = {
				LastUpgradeCheck = 0930;
				ORGANIZATIONNAME = "korat prashant";
				TargetAttributes = {
					A1E62C5D20D4E34600E9B0DF = {
						CreatedOnToolsVersion = 9.3;
					};
				};
			};
			buildConfigurationList = A1E62C5920D4E34600E9B0DF /* Build configuration list for PBXProject "iOSPoc" */;
			compatibilityVersion = "Xcode 9.3";
			developmentRegion = en;
			hasScannedForEncodings = 0;
			knownRegions = (
				en,
				Base,
			);
			mainGroup = A1E62C5520D4E34600E9B0DF;
			productRefGroup = A1E62C5F20D4E34600E9B0DF /* Products */;
			projectDirPath = "";
			projectRoot = "";
			targets = (
				A1E62C5D20D4E34600E9B0DF /* iOSPoc */,
			);
		};
/* End PBXProject section */

/* Begin PBXResourcesBuildPhase section */
		A1E62C5C20D4E34600E9B0DF /* Resources */ = {
			isa = PBXResourcesBuildPhase;
			buildActionMask = 2147483647;
			files = (
				A1E62C6E20D4E34A00E9B0DF /* LaunchScreen.storyboard in Resources */,
				A1E62C6B20D4E34A00E9B0DF /* Assets.xcassets in Resources */,
				A1E62C6920D4E34600E9B0DF /* Main.storyboard in Resources */,
			);
			runOnlyForDeploymentPostprocessing = 0;
		};
/* End PBXResourcesBuildPhase section */

/* Begin PBXSourcesBuildPhase section */
		A1E62C5A20D4E34600E9B0DF /* Sources */ = {
			isa = PBXSourcesBuildPhase;
			buildActionMask = 2147483647;
			files = (
				A1E62C7A20D4FADF00E9B0DF /* PKHttpManager.m in Sources */,
				A1E62C6620D4E34600E9B0DF /* ViewController.m in Sources */,
				A1E62C7120D4E34A00E9B0DF /* main.m in Sources */,
				A1E62C8020D513C600E9B0DF /* PKFact.m in Sources */,
				A1E62C8420D5377100E9B0DF /* PKFactsCell.m in Sources */,
				A1E62C6320D4E34600E9B0DF /* AppDelegate.m in Sources */,
			);
			runOnlyForDeploymentPostprocessing = 0;
		};
/* End PBXSourcesBuildPhase section */

/* Begin PBXVariantGroup section */
		A1E62C6720D4E34600E9B0DF /* Main.storyboard */ = {
			isa = PBXVariantGroup;
			children = (
				A1E62C6820D4E34600E9B0DF /* Base */,
			);
			name = Main.storyboard;
			sourceTree = "<group>";
		};
		A1E62C6C20D4E34A00E9B0DF /* LaunchScreen.storyboard */ = {
			isa = PBXVariantGroup;
			children = (
				A1E62C6D20D4E34A00E9B0DF /* Base */,
			);
			name = LaunchScreen.storyboard;
			sourceTree = "<group>";
		};
/* End PBXVariantGroup section */

/* Begin XCBuildConfiguration section */
		A1E62C7220D4E34A00E9B0DF /* Debug */ = {
			isa = XCBuildConfiguration;
			buildSettings = {
				ALWAYS_SEARCH_USER_PATHS = NO;
				CLANG_ANALYZER_NONNULL = YES;
				CLANG_ANALYZER_NUMBER_OBJECT_CONVERSION = YES_AGGRESSIVE;
				CLANG_CXX_LANGUAGE_STANDARD = "gnu++14";
				CLANG_CXX_LIBRARY = "libc++";
				CLANG_ENABLE_MODULES = YES;
				CLANG_ENABLE_OBJC_ARC = YES;
				CLANG_ENABLE_OBJC_WEAK = YES;
				CLANG_WARN_BLOCK_CAPTURE_AUTORELEASING = YES;
				CLANG_WARN_BOOL_CONVERSION = YES;
				CLANG_WARN_COMMA = YES;
				CLANG_WARN_CONSTANT_CONVERSION = YES;
				CLANG_WARN_DEPRECATED_OBJC_IMPLEMENTATIONS = YES;
				CLANG_WARN_DIRECT_OBJC_ISA_USAGE = YES_ERROR;
				CLANG_WARN_DOCUMENTATION_COMMENTS = YES;
				CLANG_WARN_EMPTY_BODY = YES;
				CLANG_WARN_ENUM_CONVERSION = YES;
				CLANG_WARN_INFINITE_RECURSION = YES;
				CLANG_WARN_INT_CONVERSION = YES;
				CLANG_WARN_NON_LITERAL_NULL_CONVERSION = YES;
				CLANG_WARN_OBJC_IMPLICIT_RETAIN_SELF = YES;
				CLANG_WARN_OBJC_LITERAL_CONVERSION = YES;
				CLANG_WARN_OBJC_ROOT_CLASS = YES_ERROR;
				CLANG_WARN_RANGE_LOOP_ANALYSIS = YES;
				CLANG_WARN_STRICT_PROTOTYPES = YES;
				CLANG_WARN_SUSPICIOUS_MOVE = YES;
				CLANG_WARN_UNGUARDED_AVAILABILITY = YES_AGGRESSIVE;
				CLANG_WARN_UNREACHABLE_CODE = YES;
				CLANG_WARN__DUPLICATE_METHOD_MATCH = YES;
				CODE_SIGN_IDENTITY = "iPhone Developer";
				COPY_PHASE_STRIP = NO;
				DEBUG_INFORMATION_FORMAT = dwarf;
				ENABLE_STRICT_OBJC_MSGSEND = YES;
				ENABLE_TESTABILITY = YES;
				GCC_C_LANGUAGE_STANDARD = gnu11;
				GCC_DYNAMIC_NO_PIC = NO;
				GCC_NO_COMMON_BLOCKS = YES;
				GCC_OPTIMIZATION_LEVEL = 0;
				GCC_PREPROCESSOR_DEFINITIONS = (
					"DEBUG=1",
					"$(inherited)",
				);
				GCC_WARN_64_TO_32_BIT_CONVERSION = YES;
				GCC_WARN_ABOUT_RETURN_TYPE = YES_ERROR;
				GCC_WARN_UNDECLARED_SELECTOR = YES;
				GCC_WARN_UNINITIALIZED_AUTOS = YES_AGGRESSIVE;
				GCC_WARN_UNUSED_FUNCTION = YES;
				GCC_WARN_UNUSED_VARIABLE = YES;
				IPHONEOS_DEPLOYMENT_TARGET = 8.0;
				MTL_ENABLE_DEBUG_INFO = YES;
				ONLY_ACTIVE_ARCH = YES;
				SDKROOT = iphoneos;
			};
			name = Debug;
		};
		A1E62C7320D4E34A00E9B0DF /* Release */ = {
			isa = XCBuildConfiguration;
			buildSettings = {
				ALWAYS_SEARCH_USER_PATHS = NO;
				CLANG_ANALYZER_NONNULL = YES;
				CLANG_ANALYZER_NUMBER_OBJECT_CONVERSION = YES_AGGRESSIVE;
				CLANG_CXX_LANGUAGE_STANDARD = "gnu++14";
				CLANG_CXX_LIBRARY = "libc++";
				CLANG_ENABLE_MODULES = YES;
				CLANG_ENABLE_OBJC_ARC = YES;
				CLANG_ENABLE_OBJC_WEAK = YES;
				CLANG_WARN_BLOCK_CAPTURE_AUTORELEASING = YES;
				CLANG_WARN_BOOL_CONVERSION = YES;
				CLANG_WARN_COMMA = YES;
				CLANG_WARN_CONSTANT_CONVERSION = YES;
				CLANG_WARN_DEPRECATED_OBJC_IMPLEMENTATIONS = YES;
				CLANG_WARN_DIRECT_OBJC_ISA_USAGE = YES_ERROR;
				CLANG_WARN_DOCUMENTATION_COMMENTS = YES;
				CLANG_WARN_EMPTY_BODY = YES;
				CLANG_WARN_ENUM_CONVERSION = YES;
				CLANG_WARN_INFINITE_RECURSION = YES;
				CLANG_WARN_INT_CONVERSION = YES;
				CLANG_WARN_NON_LITERAL_NULL_CONVERSION = YES;
				CLANG_WARN_OBJC_IMPLICIT_RETAIN_SELF = YES;
				CLANG_WARN_OBJC_LITERAL_CONVERSION = YES;
				CLANG_WARN_OBJC_ROOT_CLASS = YES_ERROR;
				CLANG_WARN_RANGE_LOOP_ANALYSIS = YES;
				CLANG_WARN_STRICT_PROTOTYPES = YES;
				CLANG_WARN_SUSPICIOUS_MOVE = YES;
				CLANG_WARN_UNGUARDED_AVAILABILITY = YES_AGGRESSIVE;
				CLANG_WARN_UNREACHABLE_CODE = YES;
				CLANG_WARN__DUPLICATE_METHOD_MATCH = YES;
				CODE_SIGN_IDENTITY = "iPhone Developer";
				COPY_PHASE_STRIP = NO;
				DEBUG_INFORMATION_FORMAT = "dwarf-with-dsym";
				ENABLE_NS_ASSERTIONS = NO;
				ENABLE_STRICT_OBJC_MSGSEND = YES;
				GCC_C_LANGUAGE_STANDARD = gnu11;
				GCC_NO_COMMON_BLOCKS = YES;
				GCC_WARN_64_TO_32_BIT_CONVERSION = YES;
				GCC_WARN_ABOUT_RETURN_TYPE = YES_ERROR;
				GCC_WARN_UNDECLARED_SELECTOR = YES;
				GCC_WARN_UNINITIALIZED_AUTOS = YES_AGGRESSIVE;
				GCC_WARN_UNUSED_FUNCTION = YES;
				GCC_WARN_UNUSED_VARIABLE = YES;
				IPHONEOS_DEPLOYMENT_TARGET = 8.0;
				MTL_ENABLE_DEBUG_INFO = NO;
				SDKROOT = iphoneos;
				VALIDATE_PRODUCT = YES;
			};
			name = Release;
		};
		A1E62C7520D4E34A00E9B0DF /* Debug */ = {
			isa = XCBuildConfiguration;
			buildSettings = {
				ASSETCATALOG_COMPILER_APPICON_NAME = AppIcon;
				CODE_SIGN_STYLE = Automatic;
				DEVELOPMENT_TEAM = 88ZD524733;
				INFOPLIST_FILE = iOSPoc/Info.plist;
				IPHONEOS_DEPLOYMENT_TARGET = 8.0;
				LD_RUNPATH_SEARCH_PATHS = (
					"$(inherited)",
					"@executable_path/Frameworks",
				);
				PRODUCT_BUNDLE_IDENTIFIER = com.shreeji.iOSPoc;
				PRODUCT_NAME = "$(TARGET_NAME)";
				TARGETED_DEVICE_FAMILY = "1,2";
			};
			name = Debug;
		};
		A1E62C7620D4E34A00E9B0DF /* Release */ = {
			isa = XCBuildConfiguration;
			buildSettings = {
				ASSETCATALOG_COMPILER_APPICON_NAME = AppIcon;
				CODE_SIGN_STYLE = Automatic;
				DEVELOPMENT_TEAM = 88ZD524733;
				INFOPLIST_FILE = iOSPoc/Info.plist;
				IPHONEOS_DEPLOYMENT_TARGET = 8.0;
				LD_RUNPATH_SEARCH_PATHS = (
					"$(inherited)",
					"@executable_path/Frameworks",
				);
				PRODUCT_BUNDLE_IDENTIFIER = com.shreeji.iOSPoc;
				PRODUCT_NAME = "$(TARGET_NAME)";
				TARGETED_DEVICE_FAMILY = "1,2";
			};
			name = Release;
		};
/* End XCBuildConfiguration section */

/* Begin XCConfigurationList section */
		A1E62C5920D4E34600E9B0DF /* Build configuration list for PBXProject "iOSPoc" */ = {
			isa = XCConfigurationList;
			buildConfigurations = (
				A1E62C7220D4E34A00E9B0DF /* Debug */,
				A1E62C7320D4E34A00E9B0DF /* Release */,
			);
			defaultConfigurationIsVisible = 0;
			defaultConfigurationName = Release;
		};
		A1E62C7420D4E34A00E9B0DF /* Build configuration list for PBXNativeTarget "iOSPoc" */ = {
			isa = XCConfigurationList;
			buildConfigurations = (
				A1E62C7520D4E34A00E9B0DF /* Debug */,
				A1E62C7620D4E34A00E9B0DF /* Release */,
			);
			defaultConfigurationIsVisible = 0;
			defaultConfigurationName = Release;
		};
/* End XCConfigurationList section */
	};
	rootObject = A1E62C5620D4E34600E9B0DF /* Project object */;
}
